
Microsoft Visual Studio Solution File, Format Version 12.00
# Visual Studio Version 17
VisualStudioVersion = 17.13.35919.96
MinimumVisualStudioVersion = 10.0.40219.1
Project("{FAE04EC0-301F-11D3-BF4B-00C04F79EFBC}") = "Libreria4", "Libreria4\Libreria4.csproj", "{C3FDCF07-CBE1-466A-8880-2D0334402291}"
EndProject
Project("{FAE04EC0-301F-11D3-BF4B-00C04F79EFBC}") = "CapaDatos", "CapaDatos\CapaDatos.csproj", "{6EF24F02-E870-4438-8214-A0388B69CBB6}"
EndProject
Project("{2150E333-8FDC-42A3-9474-1A3956D46DE8}") = "Elementos de la solución", "Elementos de la solución", "{D107F4C8-89CC-BEA8-D3D7-CA6B7733353D}"
	ProjectSection(SolutionItems) = preProject
		RuleSet1.ruleset = RuleSet1.ruleset
	EndProjectSection
EndProject
Project("{FAE04EC0-301F-11D3-BF4B-00C04F79EFBC}") = "CapaMode", "CapaMode\CapaMode.csproj", "{4A11C989-BC25-4648-9E32-6392B44F67D6}"
EndProject
Project("{FAE04EC0-301F-11D3-BF4B-00C04F79EFBC}") = "CapaNegocio", "CapaNegocio\CapaNegocio.csproj", "{33A6CCA7-C87F-4BFF-AC63-C178FB477006}"
EndProject
Global
	GlobalSection(SolutionConfigurationPlatforms) = preSolution
		Debug|Any CPU = Debug|Any CPU
		Release|Any CPU = Release|Any CPU
	EndGlobalSection
	GlobalSection(ProjectConfigurationPlatforms) = postSolution
		{C3FDCF07-CBE1-466A-8880-2D0334402291}.Debug|Any CPU.ActiveCfg = Debug|Any CPU
		{C3FDCF07-CBE1-466A-8880-2D0334402291}.Debug|Any CPU.Build.0 = Debug|Any CPU
		{C3FDCF07-CBE1-466A-8880-2D0334402291}.Release|Any CPU.ActiveCfg = Release|Any CPU
		{C3FDCF07-CBE1-466A-8880-2D0334402291}.Release|Any CPU.Build.0 = Release|Any CPU
		{6EF24F02-E870-4438-8214-A0388B69CBB6}.Debug|Any CPU.ActiveCfg = Debug|Any CPU
		{6EF24F02-E870-4438-8214-A0388B69CBB6}.Debug|Any CPU.Build.0 = Debug|Any CPU
		{6EF24F02-E870-4438-8214-A0388B69CBB6}.Release|Any CPU.ActiveCfg = Release|Any CPU
		{6EF24F02-E870-4438-8214-A0388B69CBB6}.Release|Any CPU.Build.0 = Release|Any CPU
		{4A11C989-BC25-4648-9E32-6392B44F67D6}.Debug|Any CPU.ActiveCfg = Debug|Any CPU
		{4A11C989-BC25-4648-9E32-6392B44F67D6}.Debug|Any CPU.Build.0 = Debug|Any CPU
		{4A11C989-BC25-4648-9E32-6392B44F67D6}.Release|Any CPU.ActiveCfg = Release|Any CPU
		{4A11C989-BC25-4648-9E32-6392B44F67D6}.Release|Any CPU.Build.0 = Release|Any CPU
		{33A6CCA7-C87F-4BFF-AC63-C178FB477006}.Debug|Any CPU.ActiveCfg = Debug|Any CPU
		{33A6CCA7-C87F-4BFF-AC63-C178FB477006}.Debug|Any CPU.Build.0 = Debug|Any CPU
		{33A6CCA7-C87F-4BFF-AC63-C178FB477006}.Release|Any CPU.ActiveCfg = Release|Any CPU
		{33A6CCA7-C87F-4BFF-AC63-C178FB477006}.Release|Any CPU.Build.0 = Release|Any CPU
	EndGlobalSection
	GlobalSection(SolutionProperties) = preSolution
		HideSolutionNode = FALSE
	EndGlobalSection
	GlobalSection(ExtensibilityGlobals) = postSolution
		SolutionGuid = {3E7FD36D-1B2E-4351-8706-2E7C1A2DA46D}
	EndGlobalSection
EndGlobal
